
Microsoft Visual Studio Solution File, Format Version 12.00
# Visual Studio 15
VisualStudioVersion = 15.0.26730.3
MinimumVisualStudioVersion = 10.0.40219.1
Project("{FAE04EC0-301F-11D3-BF4B-00C04F79EFBC}") = "TokenBinding", "TokenBinding\TokenBinding.csproj", "{DB03769F-C396-4FC2-9DED-536E8C7B984B}"
EndProject
Global
	GlobalSection(SolutionConfigurationPlatforms) = preSolution
		Debug|Any CPU = Debug|Any CPU
		Release|Any CPU = Release|Any CPU
	EndGlobalSection
	GlobalSection(ProjectConfigurationPlatforms) = postSolution
		{DB03769F-C396-4FC2-9DED-536E8C7B984B}.Debug|Any CPU.ActiveCfg = Debug|Any CPU
		{DB03769F-C396-4FC2-9DED-536E8C7B984B}.Debug|Any CPU.Build.0 = Debug|Any CPU
		{DB03769F-C396-4FC2-9DED-536E8C7B984B}.Release|Any CPU.ActiveCfg = Release|Any CPU
		{DB03769F-C396-4FC2-9DED-536E8C7B984B}.Release|Any CPU.Build.0 = Release|Any CPU
	EndGlobalSection
	GlobalSection(SolutionProperties) = preSolution
		HideSolutionNode = FALSE
	EndGlobalSection
	GlobalSection(ExtensibilityGlobals) = postSolution
		SolutionGuid = {F8B9362B-77B6-413E-B3A8-6AABF2F9E1E9}
	EndGlobalSection
EndGlobal
